
Microsoft Visual Studio Solution File, Format Version 10.00
# Visual Studio 2008
Project("{F184B08F-C81C-45F6-A57F-5ABD9991F28F}") = "WebApplication6", "WebApplication6\WebApplication6.vbproj", "{FCD5E5C0-5FE1-4298-9519-AB4EFD6BB0D2}"
EndProject
Global
	GlobalSection(SolutionConfigurationPlatforms) = preSolution
		Debug|Any CPU = Debug|Any CPU
		Release|Any CPU = Release|Any CPU
	EndGlobalSection
	GlobalSection(ProjectConfigurationPlatforms) = postSolution
		{FCD5E5C0-5FE1-4298-9519-AB4EFD6BB0D2}.Debug|Any CPU.ActiveCfg = Debug|Any CPU
		{FCD5E5C0-5FE1-4298-9519-AB4EFD6BB0D2}.Debug|Any CPU.Build.0 = Debug|Any CPU
		{FCD5E5C0-5FE1-4298-9519-AB4EFD6BB0D2}.Release|Any CPU.ActiveCfg = Release|Any CPU
		{FCD5E5C0-5FE1-4298-9519-AB4EFD6BB0D2}.Release|Any CPU.Build.0 = Release|Any CPU
	EndGlobalSection
	GlobalSection(SolutionProperties) = preSolution
		HideSolutionNode = FALSE
	EndGlobalSection
EndGlobal
